// !$*UTF8*$!
{
	archiveVersion = 1;
	classes = {
	};
	objectVersion = 46;
	objects = {

/* Begin PBXBuildFile section */
		6E16C9321C25556C00FA8649 /* AppDelegate.swift in Sources */ = {isa = PBXBuildFile; fileRef = 6E16C9311C25556C00FA8649 /* AppDelegate.swift */; };
		6E16C9341C25556C00FA8649 /* ViewController.swift in Sources */ = {isa = PBXBuildFile; fileRef = 6E16C9331C25556C00FA8649 /* ViewController.swift */; };
		6E16C9371C25556C00FA8649 /* Main.storyboard in Resources */ = {isa = PBXBuildFile; fileRef = 6E16C9351C25556C00FA8649 /* Main.storyboard */; };
		6E16C93A1C25556C00FA8649 /* Fang0.xcdatamodeld in Sources */ = {isa = PBXBuildFile; fileRef = 6E16C9381C25556C00FA8649 /* Fang0.xcdatamodeld */; };
		6E16C93C1C25556C00FA8649 /* Assets.xcassets in Resources */ = {isa = PBXBuildFile; fileRef = 6E16C93B1C25556C00FA8649 /* Assets.xcassets */; };
		6E16C93F1C25556C00FA8649 /* LaunchScreen.storyboard in Resources */ = {isa = PBXBuildFile; fileRef = 6E16C93D1C25556C00FA8649 /* LaunchScreen.storyboard */; };
		6E16C94A1C25556C00FA8649 /* Fang0Tests.swift in Sources */ = {isa = PBXBuildFile; fileRef = 6E16C9491C25556C00FA8649 /* Fang0Tests.swift */; };
		6E16C9551C25556C00FA8649 /* Fang0UITests.swift in Sources */ = {isa = PBXBuildFile; fileRef = 6E16C9541C25556C00FA8649 /* Fang0UITests.swift */; };
/* End PBXBuildFile section */

/* Begin PBXContainerItemProxy section */
		6E16C9461C25556C00FA8649 /* PBXContainerItemProxy */ = {
			isa = PBXContainerItemProxy;
			containerPortal = 6E16C9261C25556B00FA8649 /* Project object */;
			proxyType = 1;
			remoteGlobalIDString = 6E16C92D1C25556B00FA8649;
			remoteInfo = Fang0;
		};
		6E16C9511C25556C00FA8649 /* PBXContainerItemProxy */ = {
			isa = PBXContainerItemProxy;
			containerPortal = 6E16C9261C25556B00FA8649 /* Project object */;
			proxyType = 1;
			remoteGlobalIDString = 6E16C92D1C25556B00FA8649;
			remoteInfo = Fang0;
		};
/* End PBXContainerItemProxy section */

/* Begin PBXFileReference section */
		6E16C92E1C25556C00FA8649 /* Fang0.app */ = {isa = PBXFileReference; explicitFileType = wrapper.application; includeInIndex = 0; path = Fang0.app; sourceTree = BUILT_PRODUCTS_DIR; };
		6E16C9311C25556C00FA8649 /* AppDelegate.swift */ = {isa = PBXFileReference; lastKnownFileType = sourcecode.swift; path = AppDelegate.swift; sourceTree = "<group>"; };
		6E16C9331C25556C00FA8649 /* ViewController.swift */ = {isa = PBXFileReference; lastKnownFileType = sourcecode.swift; path = ViewController.swift; sourceTree = "<group>"; };
		6E16C9361C25556C00FA8649 /* Base */ = {isa = PBXFileReference; lastKnownFileType = file.storyboard; name = Base; path = Base.lproj/Main.storyboard; sourceTree = "<group>"; };
		6E16C9391C25556C00FA8649 /* Fang0.xcdatamodel */ = {isa = PBXFileReference; lastKnownFileType = wrapper.xcdatamodel; path = Fang0.xcdatamodel; sourceTree = "<group>"; };
		6E16C93B1C25556C00FA8649 /* Assets.xcassets */ = {isa = PBXFileReference; lastKnownFileType = folder.assetcatalog; path = Assets.xcassets; sourceTree = "<group>"; };
		6E16C93E1C25556C00FA8649 /* Base */ = {isa = PBXFileReference; lastKnownFileType = file.storyboard; name = Base; path = Base.lproj/LaunchScreen.storyboard; sourceTree = "<group>"; };
		6E16C9401C25556C00FA8649 /* Info.plist */ = {isa = PBXFileReference; lastKnownFileType = text.plist.xml; path = Info.plist; sourceTree = "<group>"; };
		6E16C9451C25556C00FA8649 /* Fang0Tests.xctest */ = {isa = PBXFileReference; explicitFileType = wrapper.cfbundle; includeInIndex = 0; path = Fang0Tests.xctest; sourceTree = BUILT_PRODUCTS_DIR; };
		6E16C9491C25556C00FA8649 /* Fang0Tests.swift */ = {isa = PBXFileReference; lastKnownFileType = sourcecode.swift; path = Fang0Tests.swift; sourceTree = "<group>"; };
		6E16C94B1C25556C00FA8649 /* Info.plist */ = {isa = PBXFileReference; lastKnownFileType = text.plist.xml; path = Info.plist; sourceTree = "<group>"; };
		6E16C9501C25556C00FA8649 /* Fang0UITests.xctest */ = {isa = PBXFileReference; explicitFileType = wrapper.cfbundle; includeInIndex = 0; path = Fang0UITests.xctest; sourceTree = BUILT_PRODUCTS_DIR; };
		6E16C9541C25556C00FA8649 /* Fang0UITests.swift */ = {isa = PBXFileReference; lastKnownFileType = sourcecode.swift; path = Fang0UITests.swift; sourceTree = "<group>"; };
		6E16C9561C25556C00FA8649 /* Info.plist */ = {isa = PBXFileReference; lastKnownFileType = text.plist.xml; path = Info.plist; sourceTree = "<group>"; };
/* End PBXFileReference section */

/* Begin PBXFrameworksBuildPhase section */
		6E16C92B1C25556B00FA8649 /* Frameworks */ = {
			isa = PBXFrameworksBuildPhase;
			buildActionMask = 2147483647;
			files = (
			);
			runOnlyForDeploymentPostprocessing = 0;
		};
		6E16C9421C25556C00FA8649 /* Frameworks */ = {
			isa = PBXFrameworksBuildPhase;
			buildActionMask = 2147483647;
			files = (
			);
			runOnlyForDeploymentPostprocessing = 0;
		};
		6E16C94D1C25556C00FA8649 /* Frameworks */ = {
			isa = PBXFrameworksBuildPhase;
			buildActionMask = 2147483647;
			files = (
			);
			runOnlyForDeploymentPostprocessing = 0;
		};
/* End PBXFrameworksBuildPhase section */

/* Begin PBXGroup section */
		6E16C9251C25556B00FA8649 = {
			isa = PBXGroup;
			children = (
				6E16C9301C25556C00FA8649 /* Fang0 */,
				6E16C9481C25556C00FA8649 /* Fang0Tests */,
				6E16C9531C25556C00FA8649 /* Fang0UITests */,
				6E16C92F1C25556C00FA8649 /* Products */,
			);
			sourceTree = "<group>";
		};
		6E16C92F1C25556C00FA8649 /* Products */ = {
			isa = PBXGroup;
			children = (
				6E16C92E1C25556C00FA8649 /* Fang0.app */,
				6E16C9451C25556C00FA8649 /* Fang0Tests.xctest */,
				6E16C9501C25556C00FA8649 /* Fang0UITests.xctest */,
			);
			name = Products;
			sourceTree = "<group>";
		};
		6E16C9301C25556C00FA8649 /* Fang0 */ = {
			isa = PBXGroup;
			children = (
				6E16C9311C25556C00FA8649 /* AppDelegate.swift */,
				6E16C9331C25556C00FA8649 /* ViewController.swift */,
				6E16C9351C25556C00FA8649 /* Main.storyboard */,
				6E16C93B1C25556C00FA8649 /* Assets.xcassets */,
				6E16C93D1C25556C00FA8649 /* LaunchScreen.storyboard */,
				6E16C9401C25556C00FA8649 /* Info.plist */,
				6E16C9381C25556C00FA8649 /* Fang0.xcdatamodeld */,
			);
			path = Fang0;
			sourceTree = "<group>";
		};
		6E16C9481C25556C00FA8649 /* Fang0Tests */ = {
			isa = PBXGroup;
			children = (
				6E16C9491C25556C00FA8649 /* Fang0Tests.swift */,
				6E16C94B1C25556C00FA8649 /* Info.plist */,
			);
			path = Fang0Tests;
			sourceTree = "<group>";
		};
		6E16C9531C25556C00FA8649 /* Fang0UITests */ = {
			isa = PBXGroup;
			children = (
				6E16C9541C25556C00FA8649 /* Fang0UITests.swift */,
				6E16C9561C25556C00FA8649 /* Info.plist */,
			);
			path = Fang0UITests;
			sourceTree = "<group>";
		};
/* End PBXGroup section */

/* Begin PBXNativeTarget section */
		6E16C92D1C25556B00FA8649 /* Fang0 */ = {
			isa = PBXNativeTarget;
			buildConfigurationList = 6E16C9591C25556C00FA8649 /* Build configuration list for PBXNativeTarget "Fang0" */;
			buildPhases = (
				6E16C92A1C25556B00FA8649 /* Sources */,
				6E16C92B1C25556B00FA8649 /* Frameworks */,
				6E16C92C1C25556B00FA8649 /* Resources */,
			);
			buildRules = (
			);
			dependencies = (
			);
			name = Fang0;
			productName = Fang0;
			productReference = 6E16C92E1C25556C00FA8649 /* Fang0.app */;
			productType = "com.apple.product-type.application";
		};
		6E16C9441C25556C00FA8649 /* Fang0Tests */ = {
			isa = PBXNativeTarget;
			buildConfigurationList = 6E16C95C1C25556C00FA8649 /* Build configuration list for PBXNativeTarget "Fang0Tests" */;
			buildPhases = (
				6E16C9411C25556C00FA8649 /* Sources */,
				6E16C9421C25556C00FA8649 /* Frameworks */,
				6E16C9431C25556C00FA8649 /* Resources */,
			);
			buildRules = (
			);
			dependencies = (
				6E16C9471C25556C00FA8649 /* PBXTargetDependency */,
			);
			name = Fang0Tests;
			productName = Fang0Tests;
			productReference = 6E16C9451C25556C00FA8649 /* Fang0Tests.xctest */;
			productType = "com.apple.product-type.bundle.unit-test";
		};
		6E16C94F1C25556C00FA8649 /* Fang0UITests */ = {
			isa = PBXNativeTarget;
			buildConfigurationList = 6E16C95F1C25556C00FA8649 /* Build configuration list for PBXNativeTarget "Fang0UITests" */;
			buildPhases = (
				6E16C94C1C25556C00FA8649 /* Sources */,
				6E16C94D1C25556C00FA8649 /* Frameworks */,
				6E16C94E1C25556C00FA8649 /* Resources */,
			);
			buildRules = (
			);
			dependencies = (
				6E16C9521C25556C00FA8649 /* PBXTargetDependency */,
			);
			name = Fang0UITests;
			productName = Fang0UITests;
			productReference = 6E16C9501C25556C00FA8649 /* Fang0UITests.xctest */;
			productType = "com.apple.product-type.bundle.ui-testing";
		};
/* End PBXNativeTarget section */

/* Begin PBXProject section */
		6E16C9261C25556B00FA8649 /* Project object */ = {
			isa = PBXProject;
			attributes = {
				LastUpgradeCheck = 0700;
				ORGANIZATIONNAME = TinaTien;
				TargetAttributes = {
					6E16C92D1C25556B00FA8649 = {
						CreatedOnToolsVersion = 7.0.1;
					};
					6E16C9441C25556C00FA8649 = {
						CreatedOnToolsVersion = 7.0.1;
						TestTargetID = 6E16C92D1C25556B00FA8649;
					};
					6E16C94F1C25556C00FA8649 = {
						CreatedOnToolsVersion = 7.0.1;
						TestTargetID = 6E16C92D1C25556B00FA8649;
					};
				};
			};
			buildConfigurationList = 6E16C9291C25556B00FA8649 /* Build configuration list for PBXProject "Fang0" */;
			compatibilityVersion = "Xcode 3.2";
			developmentRegion = English;
			hasScannedForEncodings = 0;
			knownRegions = (
				en,
				Base,
			);
			mainGroup = 6E16C9251C25556B00FA8649;
			productRefGroup = 6E16C92F1C25556C00FA8649 /* Products */;
			projectDirPath = "";
			projectRoot = "";
			targets = (
				6E16C92D1C25556B00FA8649 /* Fang0 */,
				6E16C9441C25556C00FA8649 /* Fang0Tests */,
				6E16C94F1C25556C00FA8649 /* Fang0UITests */,
			);
		};
/* End PBXProject section */

/* Begin PBXResourcesBuildPhase section */
		6E16C92C1C25556B00FA8649 /* Resources */ = {
			isa = PBXResourcesBuildPhase;
			buildActionMask = 2147483647;
			files = (
				6E16C93F1C25556C00FA8649 /* LaunchScreen.storyboard in Resources */,
				6E16C93C1C25556C00FA8649 /* Assets.xcassets in Resources */,
				6E16C9371C25556C00FA8649 /* Main.storyboard in Resources */,
			);
			runOnlyForDeploymentPostprocessing = 0;
		};
		6E16C9431C25556C00FA8649 /* Resources */ = {
			isa = PBXResourcesBuildPhase;
			buildActionMask = 2147483647;
			files = (
			);
			runOnlyForDeploymentPostprocessing = 0;
		};
		6E16C94E1C25556C00FA8649 /* Resources */ = {
			isa = PBXResourcesBuildPhase;
			buildActionMask = 2147483647;
			files = (
			);
			runOnlyForDeploymentPostprocessing = 0;
		};
/* End PBXResourcesBuildPhase section */

/* Begin PBXSourcesBuildPhase section */
		6E16C92A1C25556B00FA8649 /* Sources */ = {
			isa = PBXSourcesBuildPhase;
			buildActionMask = 2147483647;
			files = (
				6E16C93A1C25556C00FA8649 /* Fang0.xcdatamodeld in Sources */,
				6E16C9341C25556C00FA8649 /* ViewController.swift in Sources */,
				6E16C9321C25556C00FA8649 /* AppDelegate.swift in Sources */,
			);
			runOnlyForDeploymentPostprocessing = 0;
		};
		6E16C9411C25556C00FA8649 /* Sources */ = {
			isa = PBXSourcesBuildPhase;
			buildActionMask = 2147483647;
			files = (
				6E16C94A1C25556C00FA8649 /* Fang0Tests.swift in Sources */,
			);
			runOnlyForDeploymentPostprocessing = 0;
		};
		6E16C94C1C25556C00FA8649 /* Sources */ = {
			isa = PBXSourcesBuildPhase;
			buildActionMask = 2147483647;
			files = (
				6E16C9551C25556C00FA8649 /* Fang0UITests.swift in Sources */,
			);
			runOnlyForDeploymentPostprocessing = 0;
		};
/* End PBXSourcesBuildPhase section */

/* Begin PBXTargetDependency section */
		6E16C9471C25556C00FA8649 /* PBXTargetDependency */ = {
			isa = PBXTargetDependency;
			target = 6E16C92D1C25556B00FA8649 /* Fang0 */;
			targetProxy = 6E16C9461C25556C00FA8649 /* PBXContainerItemProxy */;
		};
		6E16C9521C25556C00FA8649 /* PBXTargetDependency */ = {
			isa = PBXTargetDependency;
			target = 6E16C92D1C25556B00FA8649 /* Fang0 */;
			targetProxy = 6E16C9511C25556C00FA8649 /* PBXContainerItemProxy */;
		};
/* End PBXTargetDependency section */

/* Begin PBXVariantGroup section */
		6E16C9351C25556C00FA8649 /* Main.storyboard */ = {
			isa = PBXVariantGroup;
			children = (
				6E16C9361C25556C00FA8649 /* Base */,
			);
			name = Main.storyboard;
			sourceTree = "<group>";
		};
		6E16C93D1C25556C00FA8649 /* LaunchScreen.storyboard */ = {
			isa = PBXVariantGroup;
			children = (
				6E16C93E1C25556C00FA8649 /* Base */,
			);
			name = LaunchScreen.storyboard;
			sourceTree = "<group>";
		};
/* End PBXVariantGroup section */

/* Begin XCBuildConfiguration section */
		6E16C9571C25556C00FA8649 /* Debug */ = {
			isa = XCBuildConfiguration;
			buildSettings = {
				ALWAYS_SEARCH_USER_PATHS = NO;
				CLANG_CXX_LANGUAGE_STANDARD = "gnu++0x";
				CLANG_CXX_LIBRARY = "libc++";
				CLANG_ENABLE_MODULES = YES;
				CLANG_ENABLE_OBJC_ARC = YES;
				CLANG_WARN_BOOL_CONVERSION = YES;
				CLANG_WARN_CONSTANT_CONVERSION = YES;
				CLANG_WARN_DIRECT_OBJC_ISA_USAGE = YES_ERROR;
				CLANG_WARN_EMPTY_BODY = YES;
				CLANG_WARN_ENUM_CONVERSION = YES;
				CLANG_WARN_INT_CONVERSION = YES;
				CLANG_WARN_OBJC_ROOT_CLASS = YES_ERROR;
				CLANG_WARN_UNREACHABLE_CODE = YES;
				CLANG_WARN__DUPLICATE_METHOD_MATCH = YES;
				"CODE_SIGN_IDENTITY[sdk=iphoneos*]" = "iPhone Developer";
				COPY_PHASE_STRIP = NO;
				DEBUG_INFORMATION_FORMAT = dwarf;
				ENABLE_STRICT_OBJC_MSGSEND = YES;
				ENABLE_TESTABILITY = YES;
				GCC_C_LANGUAGE_STANDARD = gnu99;
				GCC_DYNAMIC_NO_PIC = NO;
				GCC_NO_COMMON_BLOCKS = YES;
				GCC_OPTIMIZATION_LEVEL = 0;
				GCC_PREPROCESSOR_DEFINITIONS = (
					"DEBUG=1",
					"$(inherited)",
				);
				GCC_WARN_64_TO_32_BIT_CONVERSION = YES;
				GCC_WARN_ABOUT_RETURN_TYPE = YES_ERROR;
				GCC_WARN_UNDECLARED_SELECTOR = YES;
				GCC_WARN_UNINITIALIZED_AUTOS = YES_AGGRESSIVE;
				GCC_WARN_UNUSED_FUNCTION = YES;
				GCC_WARN_UNUSED_VARIABLE = YES;
				IPHONEOS_DEPLOYMENT_TARGET = 9.0;
				MTL_ENABLE_DEBUG_INFO = YES;
				ONLY_ACTIVE_ARCH = YES;
				SDKROOT = iphoneos;
				SWIFT_OPTIMIZATION_LEVEL = "-Onone";
			};
			name = Debug;
		};
		6E16C9581C25556C00FA8649 /* Release */ = {
			isa = XCBuildConfiguration;
			buildSettings = {
				ALWAYS_SEARCH_USER_PATHS = NO;
				CLANG_CXX_LANGUAGE_STANDARD = "gnu++0x";
				CLANG_CXX_LIBRARY = "libc++";
				CLANG_ENABLE_MODULES = YES;
				CLANG_ENABLE_OBJC_ARC = YES;
				CLANG_WARN_BOOL_CONVERSION = YES;
				CLANG_WARN_CONSTANT_CONVERSION = YES;
				CLANG_WARN_DIRECT_OBJC_ISA_USAGE = YES_ERROR;
				CLANG_WARN_EMPTY_BODY = YES;
				CLANG_WARN_ENUM_CONVERSION = YES;
				CLANG_WARN_INT_CONVERSION = YES;
				CLANG_WARN_OBJC_ROOT_CLASS = YES_ERROR;
				CLANG_WARN_UNREACHABLE_CODE = YES;
				CLANG_WARN__DUPLICATE_METHOD_MATCH = YES;
				"CODE_SIGN_IDENTITY[sdk=iphoneos*]" = "iPhone Developer";
				COPY_PHASE_STRIP = NO;
				DEBUG_INFORMATION_FORMAT = "dwarf-with-dsym";
				ENABLE_NS_ASSERTIONS = NO;
				ENABLE_STRICT_OBJC_MSGSEND = YES;
				GCC_C_LANGUAGE_STANDARD = gnu99;
				GCC_NO_COMMON_BLOCKS = YES;
				GCC_WARN_64_TO_32_BIT_CONVERSION = YES;
				GCC_WARN_ABOUT_RETURN_TYPE = YES_ERROR;
				GCC_WARN_UNDECLARED_SELECTOR = YES;
				GCC_WARN_UNINITIALIZED_AUTOS = YES_AGGRESSIVE;
				GCC_WARN_UNUSED_FUNCTION = YES;
				GCC_WARN_UNUSED_VARIABLE = YES;
				IPHONEOS_DEPLOYMENT_TARGET = 9.0;
				MTL_ENABLE_DEBUG_INFO = NO;
				SDKROOT = iphoneos;
				VALIDATE_PRODUCT = YES;
			};
			name = Release;
		};
		6E16C95A1C25556C00FA8649 /* Debug */ = {
			isa = XCBuildConfiguration;
			buildSettings = {
				ASSETCATALOG_COMPILER_APPICON_NAME = AppIcon;
				INFOPLIST_FILE = Fang0/Info.plist;
				LD_RUNPATH_SEARCH_PATHS = "$(inherited) @executable_path/Frameworks";
				PRODUCT_BUNDLE_IDENTIFIER = project.self.Fang0;
				PRODUCT_NAME = "$(TARGET_NAME)";
			};
			name = Debug;
		};
		6E16C95B1C25556C00FA8649 /* Release */ = {
			isa = XCBuildConfiguration;
			buildSettings = {
				ASSETCATALOG_COMPILER_APPICON_NAME = AppIcon;
				INFOPLIST_FILE = Fang0/Info.plist;
				LD_RUNPATH_SEARCH_PATHS = "$(inherited) @executable_path/Frameworks";
				PRODUCT_BUNDLE_IDENTIFIER = project.self.Fang0;
				PRODUCT_NAME = "$(TARGET_NAME)";
			};
			name = Release;
		};
		6E16C95D1C25556C00FA8649 /* Debug */ = {
			isa = XCBuildConfiguration;
			buildSettings = {
				BUNDLE_LOADER = "$(TEST_HOST)";
				INFOPLIST_FILE = Fang0Tests/Info.plist;
				LD_RUNPATH_SEARCH_PATHS = "$(inherited) @executable_path/Frameworks @loader_path/Frameworks";
				PRODUCT_BUNDLE_IDENTIFIER = project.self.Fang0Tests;
				PRODUCT_NAME = "$(TARGET_NAME)";
				TEST_HOST = "$(BUILT_PRODUCTS_DIR)/Fang0.app/Fang0";
			};
			name = Debug;
		};
		6E16C95E1C25556C00FA8649 /* Release */ = {
			isa = XCBuildConfiguration;
			buildSettings = {
				BUNDLE_LOADER = "$(TEST_HOST)";
				INFOPLIST_FILE = Fang0Tests/Info.plist;
				LD_RUNPATH_SEARCH_PATHS = "$(inherited) @executable_path/Frameworks @loader_path/Frameworks";
				PRODUCT_BUNDLE_IDENTIFIER = project.self.Fang0Tests;
				PRODUCT_NAME = "$(TARGET_NAME)";
				TEST_HOST = "$(BUILT_PRODUCTS_DIR)/Fang0.app/Fang0";
			};
			name = Release;
		};
		6E16C9601C25556C00FA8649 /* Debug */ = {
			isa = XCBuildConfiguration;
			buildSettings = {
				INFOPLIST_FILE = Fang0UITests/Info.plist;
				LD_RUNPATH_SEARCH_PATHS = "$(inherited) @executable_path/Frameworks @loader_path/Frameworks";
				PRODUCT_BUNDLE_IDENTIFIER = project.self.Fang0UITests;
				PRODUCT_NAME = "$(TARGET_NAME)";
				TEST_TARGET_NAME = Fang0;
				USES_XCTRUNNER = YES;
			};
			name = Debug;
		};
		6E16C9611C25556C00FA8649 /* Release */ = {
			isa = XCBuildConfiguration;
			buildSettings = {
				INFOPLIST_FILE = Fang0UITests/Info.plist;
				LD_RUNPATH_SEARCH_PATHS = "$(inherited) @executable_path/Frameworks @loader_path/Frameworks";
				PRODUCT_BUNDLE_IDENTIFIER = project.self.Fang0UITests;
				PRODUCT_NAME = "$(TARGET_NAME)";
				TEST_TARGET_NAME = Fang0;
				USES_XCTRUNNER = YES;
			};
			name = Release;
		};
/* End XCBuildConfiguration section */

/* Begin XCConfigurationList section */
		6E16C9291C25556B00FA8649 /* Build configuration list for PBXProject "Fang0" */ = {
			isa = XCConfigurationList;
			buildConfigurations = (
				6E16C9571C25556C00FA8649 /* Debug */,
				6E16C9581C25556C00FA8649 /* Release */,
			);
			defaultConfigurationIsVisible = 0;
			defaultConfigurationName = Release;
		};
		6E16C9591C25556C00FA8649 /* Build configuration list for PBXNativeTarget "Fang0" */ = {
			isa = XCConfigurationList;
			buildConfigurations = (
				6E16C95A1C25556C00FA8649 /* Debug */,
				6E16C95B1C25556C00FA8649 /* Release */,
			);
			defaultConfigurationIsVisible = 0;
		};
		6E16C95C1C25556C00FA8649 /* Build configuration list for PBXNativeTarget "Fang0Tests" */ = {
			isa = XCConfigurationList;
			buildConfigurations = (
				6E16C95D1C25556C00FA8649 /* Debug */,
				6E16C95E1C25556C00FA8649 /* Release */,
			);
			defaultConfigurationIsVisible = 0;
		};
		6E16C95F1C25556C00FA8649 /* Build configuration list for PBXNativeTarget "Fang0UITests" */ = {
			isa = XCConfigurationList;
			buildConfigurations = (
				6E16C9601C25556C00FA8649 /* Debug */,
				6E16C9611C25556C00FA8649 /* Release */,
			);
			defaultConfigurationIsVisible = 0;
		};
/* End XCConfigurationList section */

/* Begin XCVersionGroup section */
		6E16C9381C25556C00FA8649 /* Fang0.xcdatamodeld */ = {
			isa = XCVersionGroup;
			children = (
				6E16C9391C25556C00FA8649 /* Fang0.xcdatamodel */,
			);
			currentVersion = 6E16C9391C25556C00FA8649 /* Fang0.xcdatamodel */;
			path = Fang0.xcdatamodeld;
			sourceTree = "<group>";
			versionGroupType = wrapper.xcdatamodel;
		};
/* End XCVersionGroup section */
	};
	rootObject = 6E16C9261C25556B00FA8649 /* Project object */;
}
